// !$*UTF8*$!
{
	archiveVersion = 1;
	classes = {
	};
	objectVersion = 48;
	objects = {

/* Begin PBXBuildFile section */
		D0F0BB032020B65E002206F4 /* AppDelegate.m in Sources */ = {isa = PBXBuildFile; fileRef = D0F0BB022020B65E002206F4 /* AppDelegate.m */; };
		D0F0BB062020B65E002206F4 /* ViewController.m in Sources */ = {isa = PBXBuildFile; fileRef = D0F0BB052020B65E002206F4 /* ViewController.m */; };
		D0F0BB092020B65E002206F4 /* Main.storyboard in Resources */ = {isa = PBXBuildFile; fileRef = D0F0BB072020B65E002206F4 /* Main.storyboard */; };
		D0F0BB0B2020B65E002206F4 /* Assets.xcassets in Resources */ = {isa = PBXBuildFile; fileRef = D0F0BB0A2020B65E002206F4 /* Assets.xcassets */; };
		D0F0BB0E2020B65E002206F4 /* LaunchScreen.storyboard in Resources */ = {isa = PBXBuildFile; fileRef = D0F0BB0C2020B65E002206F4 /* LaunchScreen.storyboard */; };
		D0F0BB112020B65E002206F4 /* main.m in Sources */ = {isa = PBXBuildFile; fileRef = D0F0BB102020B65E002206F4 /* main.m */; };
		D0F0BB192020B66D002206F4 /* TTT.m in Sources */ = {isa = PBXBuildFile; fileRef = D0F0BB182020B66D002206F4 /* TTT.m */; };
		D0F0BB1C2020BE6F002206F4 /* FF.m in Sources */ = {isa = PBXBuildFile; fileRef = D0F0BB1B2020BE6F002206F4 /* FF.m */; };
		D0F0BB1F2020C284002206F4 /* DYMethodInvokTool.m in Sources */ = {isa = PBXBuildFile; fileRef = D0F0BB1E2020C284002206F4 /* DYMethodInvokTool.m */; };
		D0F0BB222020D2FB002206F4 /* RedView.m in Sources */ = {isa = PBXBuildFile; fileRef = D0F0BB212020D2FB002206F4 /* RedView.m */; };
/* End PBXBuildFile section */

/* Begin PBXFileReference section */
		D0F0BAFE2020B65E002206F4 /* xx.app */ = {isa = PBXFileReference; explicitFileType = wrapper.application; includeInIndex = 0; path = xx.app; sourceTree = BUILT_PRODUCTS_DIR; };
		D0F0BB012020B65E002206F4 /* AppDelegate.h */ = {isa = PBXFileReference; lastKnownFileType = sourcecode.c.h; path = AppDelegate.h; sourceTree = "<group>"; };
		D0F0BB022020B65E002206F4 /* AppDelegate.m */ = {isa = PBXFileReference; lastKnownFileType = sourcecode.c.objc; path = AppDelegate.m; sourceTree = "<group>"; };
		D0F0BB042020B65E002206F4 /* ViewController.h */ = {isa = PBXFileReference; lastKnownFileType = sourcecode.c.h; path = ViewController.h; sourceTree = "<group>"; };
		D0F0BB052020B65E002206F4 /* ViewController.m */ = {isa = PBXFileReference; lastKnownFileType = sourcecode.c.objc; path = ViewController.m; sourceTree = "<group>"; };
		D0F0BB082020B65E002206F4 /* Base */ = {isa = PBXFileReference; lastKnownFileType = file.storyboard; name = Base; path = Base.lproj/Main.storyboard; sourceTree = "<group>"; };
		D0F0BB0A2020B65E002206F4 /* Assets.xcassets */ = {isa = PBXFileReference; lastKnownFileType = folder.assetcatalog; path = Assets.xcassets; sourceTree = "<group>"; };
		D0F0BB0D2020B65E002206F4 /* Base */ = {isa = PBXFileReference; lastKnownFileType = file.storyboard; name = Base; path = Base.lproj/LaunchScreen.storyboard; sourceTree = "<group>"; };
		D0F0BB0F2020B65E002206F4 /* Info.plist */ = {isa = PBXFileReference; lastKnownFileType = text.plist.xml; path = Info.plist; sourceTree = "<group>"; };
		D0F0BB102020B65E002206F4 /* main.m */ = {isa = PBXFileReference; lastKnownFileType = sourcecode.c.objc; path = main.m; sourceTree = "<group>"; };
		D0F0BB172020B66D002206F4 /* TTT.h */ = {isa = PBXFileReference; lastKnownFileType = sourcecode.c.h; path = TTT.h; sourceTree = "<group>"; };
		D0F0BB182020B66D002206F4 /* TTT.m */ = {isa = PBXFileReference; lastKnownFileType = sourcecode.c.objc; path = TTT.m; sourceTree = "<group>"; };
		D0F0BB1A2020BE6F002206F4 /* FF.h */ = {isa = PBXFileReference; lastKnownFileType = sourcecode.c.h; path = FF.h; sourceTree = "<group>"; };
		D0F0BB1B2020BE6F002206F4 /* FF.m */ = {isa = PBXFileReference; lastKnownFileType = sourcecode.c.objc; path = FF.m; sourceTree = "<group>"; };
		D0F0BB1D2020C284002206F4 /* DYMethodInvokTool.h */ = {isa = PBXFileReference; lastKnownFileType = sourcecode.c.h; path = DYMethodInvokTool.h; sourceTree = "<group>"; };
		D0F0BB1E2020C284002206F4 /* DYMethodInvokTool.m */ = {isa = PBXFileReference; lastKnownFileType = sourcecode.c.objc; path = DYMethodInvokTool.m; sourceTree = "<group>"; };
		D0F0BB202020D2FB002206F4 /* RedView.h */ = {isa = PBXFileReference; lastKnownFileType = sourcecode.c.h; path = RedView.h; sourceTree = "<group>"; };
		D0F0BB212020D2FB002206F4 /* RedView.m */ = {isa = PBXFileReference; lastKnownFileType = sourcecode.c.objc; path = RedView.m; sourceTree = "<group>"; };
/* End PBXFileReference section */

/* Begin PBXFrameworksBuildPhase section */
		D0F0BAFB2020B65E002206F4 /* Frameworks */ = {
			isa = PBXFrameworksBuildPhase;
			buildActionMask = 2147483647;
			files = (
			);
			runOnlyForDeploymentPostprocessing = 0;
		};
/* End PBXFrameworksBuildPhase section */

/* Begin PBXGroup section */
		D0F0BAF52020B65D002206F4 = {
			isa = PBXGroup;
			children = (
				D0F0BB002020B65E002206F4 /* xx */,
				D0F0BAFF2020B65E002206F4 /* Products */,
			);
			sourceTree = "<group>";
		};
		D0F0BAFF2020B65E002206F4 /* Products */ = {
			isa = PBXGroup;
			children = (
				D0F0BAFE2020B65E002206F4 /* xx.app */,
			);
			name = Products;
			sourceTree = "<group>";
		};
		D0F0BB002020B65E002206F4 /* xx */ = {
			isa = PBXGroup;
			children = (
				D0F0BB012020B65E002206F4 /* AppDelegate.h */,
				D0F0BB022020B65E002206F4 /* AppDelegate.m */,
				D0F0BB042020B65E002206F4 /* ViewController.h */,
				D0F0BB052020B65E002206F4 /* ViewController.m */,
				D0F0BB1D2020C284002206F4 /* DYMethodInvokTool.h */,
				D0F0BB1E2020C284002206F4 /* DYMethodInvokTool.m */,
				D0F0BB202020D2FB002206F4 /* RedView.h */,
				D0F0BB212020D2FB002206F4 /* RedView.m */,
				D0F0BB172020B66D002206F4 /* TTT.h */,
				D0F0BB182020B66D002206F4 /* TTT.m */,
				D0F0BB1A2020BE6F002206F4 /* FF.h */,
				D0F0BB1B2020BE6F002206F4 /* FF.m */,
				D0F0BB072020B65E002206F4 /* Main.storyboard */,
				D0F0BB0A2020B65E002206F4 /* Assets.xcassets */,
				D0F0BB0C2020B65E002206F4 /* LaunchScreen.storyboard */,
				D0F0BB0F2020B65E002206F4 /* Info.plist */,
				D0F0BB102020B65E002206F4 /* main.m */,
			);
			path = xx;
			sourceTree = "<group>";
		};
/* End PBXGroup section */

/* Begin PBXNativeTarget section */
		D0F0BAFD2020B65E002206F4 /* xx */ = {
			isa = PBXNativeTarget;
			buildConfigurationList = D0F0BB142020B65E002206F4 /* Build configuration list for PBXNativeTarget "xx" */;
			buildPhases = (
				D0F0BAFA2020B65E002206F4 /* Sources */,
				D0F0BAFB2020B65E002206F4 /* Frameworks */,
				D0F0BAFC2020B65E002206F4 /* Resources */,
			);
			buildRules = (
			);
			dependencies = (
			);
			name = xx;
			productName = xx;
			productReference = D0F0BAFE2020B65E002206F4 /* xx.app */;
			productType = "com.apple.product-type.application";
		};
/* End PBXNativeTarget section */

/* Begin PBXProject section */
		D0F0BAF62020B65D002206F4 /* Project object */ = {
			isa = PBXProject;
			attributes = {
				LastUpgradeCheck = 0920;
				ORGANIZATIONNAME = xinxianzhizao;
				TargetAttributes = {
					D0F0BAFD2020B65E002206F4 = {
						CreatedOnToolsVersion = 9.2;
						ProvisioningStyle = Automatic;
					};
				};
			};
			buildConfigurationList = D0F0BAF92020B65D002206F4 /* Build configuration list for PBXProject "xx" */;
			compatibilityVersion = "Xcode 8.0";
			developmentRegion = en;
			hasScannedForEncodings = 0;
			knownRegions = (
				en,
				Base,
			);
			mainGroup = D0F0BAF52020B65D002206F4;
			productRefGroup = D0F0BAFF2020B65E002206F4 /* Products */;
			projectDirPath = "";
			projectRoot = "";
			targets = (
				D0F0BAFD2020B65E002206F4 /* xx */,
			);
		};
/* End PBXProject section */

/* Begin PBXResourcesBuildPhase section */
		D0F0BAFC2020B65E002206F4 /* Resources */ = {
			isa = PBXResourcesBuildPhase;
			buildActionMask = 2147483647;
			files = (
				D0F0BB0E2020B65E002206F4 /* LaunchScreen.storyboard in Resources */,
				D0F0BB0B2020B65E002206F4 /* Assets.xcassets in Resources */,
				D0F0BB092020B65E002206F4 /* Main.storyboard in Resources */,
			);
			runOnlyForDeploymentPostprocessing = 0;
		};
/* End PBXResourcesBuildPhase section */

/* Begin PBXSourcesBuildPhase section */
		D0F0BAFA2020B65E002206F4 /* Sources */ = {
			isa = PBXSourcesBuildPhase;
			buildActionMask = 2147483647;
			files = (
				D0F0BB192020B66D002206F4 /* TTT.m in Sources */,
				D0F0BB062020B65E002206F4 /* ViewController.m in Sources */,
				D0F0BB1C2020BE6F002206F4 /* FF.m in Sources */,
				D0F0BB112020B65E002206F4 /* main.m in Sources */,
				D0F0BB032020B65E002206F4 /* AppDelegate.m in Sources */,
				D0F0BB1F2020C284002206F4 /* DYMethodInvokTool.m in Sources */,
				D0F0BB222020D2FB002206F4 /* RedView.m in Sources */,
			);
			runOnlyForDeploymentPostprocessing = 0;
		};
/* End PBXSourcesBuildPhase section */

/* Begin PBXVariantGroup section */
		D0F0BB072020B65E002206F4 /* Main.storyboard */ = {
			isa = PBXVariantGroup;
			children = (
				D0F0BB082020B65E002206F4 /* Base */,
			);
			name = Main.storyboard;
			sourceTree = "<group>";
		};
		D0F0BB0C2020B65E002206F4 /* LaunchScreen.storyboard */ = {
			isa = PBXVariantGroup;
			children = (
				D0F0BB0D2020B65E002206F4 /* Base */,
			);
			name = LaunchScreen.storyboard;
			sourceTree = "<group>";
		};
/* End PBXVariantGroup section */

/* Begin XCBuildConfiguration section */
		D0F0BB122020B65E002206F4 /* Debug */ = {
			isa = XCBuildConfiguration;
			buildSettings = {
				ALWAYS_SEARCH_USER_PATHS = NO;
				CLANG_ANALYZER_NONNULL = YES;
				CLANG_ANALYZER_NUMBER_OBJECT_CONVERSION = YES_AGGRESSIVE;
				CLANG_CXX_LANGUAGE_STANDARD = "gnu++14";
				CLANG_CXX_LIBRARY = "libc++";
				CLANG_ENABLE_MODULES = YES;
				CLANG_ENABLE_OBJC_ARC = YES;
				CLANG_WARN_BLOCK_CAPTURE_AUTORELEASING = YES;
				CLANG_WARN_BOOL_CONVERSION = YES;
				CLANG_WARN_COMMA = YES;
				CLANG_WARN_CONSTANT_CONVERSION = YES;
				CLANG_WARN_DIRECT_OBJC_ISA_USAGE = YES_ERROR;
				CLANG_WARN_DOCUMENTATION_COMMENTS = YES;
				CLANG_WARN_EMPTY_BODY = YES;
				CLANG_WARN_ENUM_CONVERSION = YES;
				CLANG_WARN_INFINITE_RECURSION = YES;
				CLANG_WARN_INT_CONVERSION = YES;
				CLANG_WARN_NON_LITERAL_NULL_CONVERSION = YES;
				CLANG_WARN_OBJC_LITERAL_CONVERSION = YES;
				CLANG_WARN_OBJC_ROOT_CLASS = YES_ERROR;
				CLANG_WARN_RANGE_LOOP_ANALYSIS = YES;
				CLANG_WARN_STRICT_PROTOTYPES = YES;
				CLANG_WARN_SUSPICIOUS_MOVE = YES;
				CLANG_WARN_UNGUARDED_AVAILABILITY = YES_AGGRESSIVE;
				CLANG_WARN_UNREACHABLE_CODE = YES;
				CLANG_WARN__DUPLICATE_METHOD_MATCH = YES;
				CODE_SIGN_IDENTITY = "iPhone Developer";
				COPY_PHASE_STRIP = NO;
				DEBUG_INFORMATION_FORMAT = dwarf;
				ENABLE_STRICT_OBJC_MSGSEND = YES;
				ENABLE_TESTABILITY = YES;
				GCC_C_LANGUAGE_STANDARD = gnu11;
				GCC_DYNAMIC_NO_PIC = NO;
				GCC_NO_COMMON_BLOCKS = YES;
				GCC_OPTIMIZATION_LEVEL = 0;
				GCC_PREPROCESSOR_DEFINITIONS = (
					"DEBUG=1",
					"$(inherited)",
				);
				GCC_WARN_64_TO_32_BIT_CONVERSION = YES;
				GCC_WARN_ABOUT_RETURN_TYPE = YES_ERROR;
				GCC_WARN_UNDECLARED_SELECTOR = YES;
				GCC_WARN_UNINITIALIZED_AUTOS = YES_AGGRESSIVE;
				GCC_WARN_UNUSED_FUNCTION = YES;
				GCC_WARN_UNUSED_VARIABLE = YES;
				IPHONEOS_DEPLOYMENT_TARGET = 10.0;
				MTL_ENABLE_DEBUG_INFO = YES;
				ONLY_ACTIVE_ARCH = YES;
				SDKROOT = iphoneos;
			};
			name = Debug;
		};
		D0F0BB132020B65E002206F4 /* Release */ = {
			isa = XCBuildConfiguration;
			buildSettings = {
				ALWAYS_SEARCH_USER_PATHS = NO;
				CLANG_ANALYZER_NONNULL = YES;
				CLANG_ANALYZER_NUMBER_OBJECT_CONVERSION = YES_AGGRESSIVE;
				CLANG_CXX_LANGUAGE_STANDARD = "gnu++14";
				CLANG_CXX_LIBRARY = "libc++";
				CLANG_ENABLE_MODULES = YES;
				CLANG_ENABLE_OBJC_ARC = YES;
				CLANG_WARN_BLOCK_CAPTURE_AUTORELEASING = YES;
				CLANG_WARN_BOOL_CONVERSION = YES;
				CLANG_WARN_COMMA = YES;
				CLANG_WARN_CONSTANT_CONVERSION = YES;
				CLANG_WARN_DIRECT_OBJC_ISA_USAGE = YES_ERROR;
				CLANG_WARN_DOCUMENTATION_COMMENTS = YES;
				CLANG_WARN_EMPTY_BODY = YES;
				CLANG_WARN_ENUM_CONVERSION = YES;
				CLANG_WARN_INFINITE_RECURSION = YES;
				CLANG_WARN_INT_CONVERSION = YES;
				CLANG_WARN_NON_LITERAL_NULL_CONVERSION = YES;
				CLANG_WARN_OBJC_LITERAL_CONVERSION = YES;
				CLANG_WARN_OBJC_ROOT_CLASS = YES_ERROR;
				CLANG_WARN_RANGE_LOOP_ANALYSIS = YES;
				CLANG_WARN_STRICT_PROTOTYPES = YES;
				CLANG_WARN_SUSPICIOUS_MOVE = YES;
				CLANG_WARN_UNGUARDED_AVAILABILITY = YES_AGGRESSIVE;
				CLANG_WARN_UNREACHABLE_CODE = YES;
				CLANG_WARN__DUPLICATE_METHOD_MATCH = YES;
				CODE_SIGN_IDENTITY = "iPhone Developer";
				COPY_PHASE_STRIP = NO;
				DEBUG_INFORMATION_FORMAT = "dwarf-with-dsym";
				ENABLE_NS_ASSERTIONS = NO;
				ENABLE_STRICT_OBJC_MSGSEND = YES;
				GCC_C_LANGUAGE_STANDARD = gnu11;
				GCC_NO_COMMON_BLOCKS = YES;
				GCC_WARN_64_TO_32_BIT_CONVERSION = YES;
				GCC_WARN_ABOUT_RETURN_TYPE = YES_ERROR;
				GCC_WARN_UNDECLARED_SELECTOR = YES;
				GCC_WARN_UNINITIALIZED_AUTOS = YES_AGGRESSIVE;
				GCC_WARN_UNUSED_FUNCTION = YES;
				GCC_WARN_UNUSED_VARIABLE = YES;
				IPHONEOS_DEPLOYMENT_TARGET = 10.0;
				MTL_ENABLE_DEBUG_INFO = NO;
				SDKROOT = iphoneos;
				VALIDATE_PRODUCT = YES;
			};
			name = Release;
		};
		D0F0BB152020B65E002206F4 /* Debug */ = {
			isa = XCBuildConfiguration;
			buildSettings = {
				ASSETCATALOG_COMPILER_APPICON_NAME = AppIcon;
				CODE_SIGN_STYLE = Automatic;
				INFOPLIST_FILE = xx/Info.plist;
				LD_RUNPATH_SEARCH_PATHS = "$(inherited) @executable_path/Frameworks";
				PRODUCT_BUNDLE_IDENTIFIER = com.xinxiangzhizao.xx;
				PRODUCT_NAME = "$(TARGET_NAME)";
				TARGETED_DEVICE_FAMILY = "1,2";
			};
			name = Debug;
		};
		D0F0BB162020B65E002206F4 /* Release */ = {
			isa = XCBuildConfiguration;
			buildSettings = {
				ASSETCATALOG_COMPILER_APPICON_NAME = AppIcon;
				CODE_SIGN_STYLE = Automatic;
				INFOPLIST_FILE = xx/Info.plist;
				LD_RUNPATH_SEARCH_PATHS = "$(inherited) @executable_path/Frameworks";
				PRODUCT_BUNDLE_IDENTIFIER = com.xinxiangzhizao.xx;
				PRODUCT_NAME = "$(TARGET_NAME)";
				TARGETED_DEVICE_FAMILY = "1,2";
			};
			name = Release;
		};
/* End XCBuildConfiguration section */

/* Begin XCConfigurationList section */
		D0F0BAF92020B65D002206F4 /* Build configuration list for PBXProject "xx" */ = {
			isa = XCConfigurationList;
			buildConfigurations = (
				D0F0BB122020B65E002206F4 /* Debug */,
				D0F0BB132020B65E002206F4 /* Release */,
			);
			defaultConfigurationIsVisible = 0;
			defaultConfigurationName = Release;
		};
		D0F0BB142020B65E002206F4 /* Build configuration list for PBXNativeTarget "xx" */ = {
			isa = XCConfigurationList;
			buildConfigurations = (
				D0F0BB152020B65E002206F4 /* Debug */,
				D0F0BB162020B65E002206F4 /* Release */,
			);
			defaultConfigurationIsVisible = 0;
			defaultConfigurationName = Release;
		};
/* End XCConfigurationList section */
	};
	rootObject = D0F0BAF62020B65D002206F4 /* Project object */;
}
